
Microsoft Visual Studio Solution File, Format Version 12.00
# Visual Studio 15
VisualStudioVersion = 15.0.27703.2000
MinimumVisualStudioVersion = 10.0.40219.1
Project("{2150E333-8FDC-42A3-9474-1A3956D46DE8}") = "src", "src", "{BD8E7E11-B447-4CBA-B0BE-193408DC635F}"
EndProject
Project("{2150E333-8FDC-42A3-9474-1A3956D46DE8}") = "tests", "tests", "{FD1339CF-82BE-4CCC-AE7A-8A410A1C0B02}"
EndProject
Project("{9A19103F-16F7-4668-BE54-9A1E7A4F7556}") = "ReactiveUI.Interop.FreshMvvm", "src\ReactiveUI.Interop.FreshMvvm\ReactiveUI.Interop.FreshMvvm.csproj", "{7B62CFEF-1FA0-442D-B7F6-1622656BE516}"
EndProject
Project("{9A19103F-16F7-4668-BE54-9A1E7A4F7556}") = "ReactiveUI.Interop.MvvmCross", "src\ReactiveUI.Interop.MvvmCross\ReactiveUI.Interop.MvvmCross.csproj", "{5B828C7F-6570-4032-B563-017815437B6D}"
EndProject
Project("{9A19103F-16F7-4668-BE54-9A1E7A4F7556}") = "ReactiveUI.Interop.Prism", "src\ReactiveUI.Interop.Prism\ReactiveUI.Interop.Prism.csproj", "{E15AE3A9-7EA3-403A-981D-AE1C73C3A38D}"
EndProject
Project("{9A19103F-16F7-4668-BE54-9A1E7A4F7556}") = "ReactiveUI.FreshMvvm.Tests", "test\ReactiveUI.FreshMvvm.Tests\ReactiveUI.FreshMvvm.Tests.csproj", "{6FF55A38-EBE8-49AE-9808-01FD22FE46DF}"
EndProject
Project("{9A19103F-16F7-4668-BE54-9A1E7A4F7556}") = "ReactiveUI.MvvmCross.Tests", "test\ReactiveUI.MvvmCross.Tests\ReactiveUI.MvvmCross.Tests.csproj", "{25E0204B-1390-4E04-B7C0-7FFB75F2B45F}"
EndProject
Project("{9A19103F-16F7-4668-BE54-9A1E7A4F7556}") = "ReactiveUI.Prism.Tests", "test\ReactiveUI.Prism.Tests\ReactiveUI.Prism.Tests.csproj", "{7A3AE910-FBA5-41A2-850F-4166A298ECDD}"
EndProject
Project("{2150E333-8FDC-42A3-9474-1A3956D46DE8}") = ".build", ".build", "{018B938E-1D1B-4E40-AF25-EB770771E808}"
	ProjectSection(SolutionItems) = preProject
		azure-pipelines.yml = azure-pipelines.yml
		build.ps1 = build.ps1
		cakefile.cake = cakefile.cake
		Common.Build.props = Common.Build.props
		Common.Build.targets = Common.Build.targets
		GitVersion.yml = GitVersion.yml
	EndProjectSection
EndProject
Project("{2150E333-8FDC-42A3-9474-1A3956D46DE8}") = ".solution", ".solution", "{7D74C23A-B623-4034-84A6-948C57D89BF5}"
	ProjectSection(SolutionItems) = preProject
		.gitignore = .gitignore
		LICENSE = LICENSE
		README.md = README.md
	EndProjectSection
EndProject
Project("{FAE04EC0-301F-11D3-BF4B-00C04F79EFBC}") = ".build", ".build\.build.csproj", "{4F77FB54-3E12-4D12-B846-B28A6632E9A2}"
EndProject
Global
	GlobalSection(SolutionConfigurationPlatforms) = preSolution
		Debug|Any CPU = Debug|Any CPU
		Release|Any CPU = Release|Any CPU
	EndGlobalSection
	GlobalSection(ProjectConfigurationPlatforms) = postSolution
		{7B62CFEF-1FA0-442D-B7F6-1622656BE516}.Debug|Any CPU.ActiveCfg = Debug|Any CPU
		{7B62CFEF-1FA0-442D-B7F6-1622656BE516}.Debug|Any CPU.Build.0 = Debug|Any CPU
		{7B62CFEF-1FA0-442D-B7F6-1622656BE516}.Release|Any CPU.ActiveCfg = Release|Any CPU
		{7B62CFEF-1FA0-442D-B7F6-1622656BE516}.Release|Any CPU.Build.0 = Release|Any CPU
		{5B828C7F-6570-4032-B563-017815437B6D}.Debug|Any CPU.ActiveCfg = Debug|Any CPU
		{5B828C7F-6570-4032-B563-017815437B6D}.Debug|Any CPU.Build.0 = Debug|Any CPU
		{5B828C7F-6570-4032-B563-017815437B6D}.Release|Any CPU.ActiveCfg = Release|Any CPU
		{5B828C7F-6570-4032-B563-017815437B6D}.Release|Any CPU.Build.0 = Release|Any CPU
		{E15AE3A9-7EA3-403A-981D-AE1C73C3A38D}.Debug|Any CPU.ActiveCfg = Debug|Any CPU
		{E15AE3A9-7EA3-403A-981D-AE1C73C3A38D}.Debug|Any CPU.Build.0 = Debug|Any CPU
		{E15AE3A9-7EA3-403A-981D-AE1C73C3A38D}.Release|Any CPU.ActiveCfg = Release|Any CPU
		{E15AE3A9-7EA3-403A-981D-AE1C73C3A38D}.Release|Any CPU.Build.0 = Release|Any CPU
		{6FF55A38-EBE8-49AE-9808-01FD22FE46DF}.Debug|Any CPU.ActiveCfg = Debug|Any CPU
		{6FF55A38-EBE8-49AE-9808-01FD22FE46DF}.Debug|Any CPU.Build.0 = Debug|Any CPU
		{6FF55A38-EBE8-49AE-9808-01FD22FE46DF}.Release|Any CPU.ActiveCfg = Release|Any CPU
		{6FF55A38-EBE8-49AE-9808-01FD22FE46DF}.Release|Any CPU.Build.0 = Release|Any CPU
		{25E0204B-1390-4E04-B7C0-7FFB75F2B45F}.Debug|Any CPU.ActiveCfg = Debug|Any CPU
		{25E0204B-1390-4E04-B7C0-7FFB75F2B45F}.Debug|Any CPU.Build.0 = Debug|Any CPU
		{25E0204B-1390-4E04-B7C0-7FFB75F2B45F}.Release|Any CPU.ActiveCfg = Release|Any CPU
		{25E0204B-1390-4E04-B7C0-7FFB75F2B45F}.Release|Any CPU.Build.0 = Release|Any CPU
		{7A3AE910-FBA5-41A2-850F-4166A298ECDD}.Debug|Any CPU.ActiveCfg = Debug|Any CPU
		{7A3AE910-FBA5-41A2-850F-4166A298ECDD}.Debug|Any CPU.Build.0 = Debug|Any CPU
		{7A3AE910-FBA5-41A2-850F-4166A298ECDD}.Release|Any CPU.ActiveCfg = Release|Any CPU
		{7A3AE910-FBA5-41A2-850F-4166A298ECDD}.Release|Any CPU.Build.0 = Release|Any CPU
		{4F77FB54-3E12-4D12-B846-B28A6632E9A2}.Debug|Any CPU.ActiveCfg = Debug|Any CPU
		{4F77FB54-3E12-4D12-B846-B28A6632E9A2}.Release|Any CPU.ActiveCfg = Release|Any CPU
		{4F77FB54-3E12-4D12-B846-B28A6632E9A2}.Release|Any CPU.Build.0 = Release|Any CPU
	EndGlobalSection
	GlobalSection(SolutionProperties) = preSolution
		HideSolutionNode = FALSE
	EndGlobalSection
	GlobalSection(NestedProjects) = preSolution
		{7B62CFEF-1FA0-442D-B7F6-1622656BE516} = {BD8E7E11-B447-4CBA-B0BE-193408DC635F}
		{5B828C7F-6570-4032-B563-017815437B6D} = {BD8E7E11-B447-4CBA-B0BE-193408DC635F}
		{E15AE3A9-7EA3-403A-981D-AE1C73C3A38D} = {BD8E7E11-B447-4CBA-B0BE-193408DC635F}
		{6FF55A38-EBE8-49AE-9808-01FD22FE46DF} = {FD1339CF-82BE-4CCC-AE7A-8A410A1C0B02}
		{25E0204B-1390-4E04-B7C0-7FFB75F2B45F} = {FD1339CF-82BE-4CCC-AE7A-8A410A1C0B02}
		{7A3AE910-FBA5-41A2-850F-4166A298ECDD} = {FD1339CF-82BE-4CCC-AE7A-8A410A1C0B02}
		{4F77FB54-3E12-4D12-B846-B28A6632E9A2} = {018B938E-1D1B-4E40-AF25-EB770771E808}
	EndGlobalSection
	GlobalSection(ExtensibilityGlobals) = postSolution
		SolutionGuid = {10490594-4908-43F5-BB1A-71E5D96B8D0C}
	EndGlobalSection
EndGlobal
